
Microsoft Visual Studio Solution File, Format Version 12.00
# Visual Studio Version 17
VisualStudioVersion = 17.6.33829.357
MinimumVisualStudioVersion = 10.0.40219.1
Project("{2150E333-8FDC-42A3-9474-1A3956D46DE8}") = "src", "src", "{743D0B9E-E274-4B56-935B-1C48BC2A524C}"
EndProject
Project("{2150E333-8FDC-42A3-9474-1A3956D46DE8}") = "test", "test", "{AB17EBD2-0656-459B-9975-54719110E023}"
EndProject
Project("{2150E333-8FDC-42A3-9474-1A3956D46DE8}") = "Core", "Core", "{CA35F2EE-24AE-4625-9716-35E684EEB8B0}"
EndProject
Project("{2150E333-8FDC-42A3-9474-1A3956D46DE8}") = "Infrastructure", "Infrastructure", "{D65625FF-C29D-4801-A313-8069B026555F}"
EndProject
Project("{9A19103F-16F7-4668-BE54-9A1E7A4F7556}") = "WKTAAE.DPU.Allocation.Domain", "src\WKTAAE.DPU.Allocation.Domain\WKTAAE.DPU.Allocation.Domain.csproj", "{A7E867E1-B23A-4EDE-9006-DC8D282CB24C}"
EndProject
Project("{9A19103F-16F7-4668-BE54-9A1E7A4F7556}") = "WKTAAE.DPU.Allocation.Repository", "src\WKTAAE.DPU.Allocation.Repository\WKTAAE.DPU.Allocation.Repository.csproj", "{CE927BD2-37C9-4B86-AFAC-B9462F2AE42A}"
EndProject
Project("{9A19103F-16F7-4668-BE54-9A1E7A4F7556}") = "WKTAAE.DPU.Allocation.Contracts", "src\WKTAAE.DPU.Allocation.Contracts\WKTAAE.DPU.Allocation.Contracts.csproj", "{94448BA5-DEA2-469F-84BD-EE3CB14E7FB0}"
EndProject
Project("{2150E333-8FDC-42A3-9474-1A3956D46DE8}") = "Application", "Application", "{D0653CDE-2254-4CEC-93B2-D53D42A564E6}"
EndProject
Project("{9A19103F-16F7-4668-BE54-9A1E7A4F7556}") = "WKTAAE.DPU.Allocation.Services", "src\WKTAAE.DPU.Allocation.Services\WKTAAE.DPU.Allocation.Services.csproj", "{DC19489D-9C5D-4F6E-97DD-2EBE182C739F}"
EndProject
Project("{9A19103F-16F7-4668-BE54-9A1E7A4F7556}") = "WKTAAE.DPU.Allocation.Common", "src\WKTAAE.DPU.Allocation.Common\WKTAAE.DPU.Allocation.Common.csproj", "{CCC640FC-76CE-4CA7-9BCD-B672213E1291}"
EndProject
Project("{2150E333-8FDC-42A3-9474-1A3956D46DE8}") = "Utils", "Utils", "{81EFD3D3-94EF-4F93-8AD2-5A9136B63DF2}"
EndProject
Project("{FAE04EC0-301F-11D3-BF4B-00C04F79EFBC}") = "WKTAAE.DPU.Allocation.FII.Worker", "src\WKTAAE.DPU.Allocation.FII.Worker\WKTAAE.DPU.Allocation.FII.Worker.csproj", "{3D8DD24B-5E1B-4C83-A5F4-E29798D1565B}"
EndProject
Project("{FAE04EC0-301F-11D3-BF4B-00C04F79EFBC}") = "WKTAAE.DPU.Allocation.SI.Worker", "src\WKTAAE.DPU.Allocation.SI.Worker\WKTAAE.DPU.Allocation.SI.Worker.csproj", "{1C52C665-D70B-42CF-B8FC-7E26609C0094}"
EndProject
Project("{FAE04EC0-301F-11D3-BF4B-00C04F79EFBC}") = "WKTAAE.DPU.Allocation.ASF.Worker", "src\WKTAAE.DPU.Allocation.ASF.Worker\WKTAAE.DPU.Allocation.ASF.Worker.csproj", "{DF4AE315-639C-4043-9079-08BE37E339FC}"
EndProject
Project("{2150E333-8FDC-42A3-9474-1A3956D46DE8}") = "Worker", "Worker", "{89F0CC6C-E36F-4538-825E-493939E6AC76}"
EndProject
Global
	GlobalSection(SolutionConfigurationPlatforms) = preSolution
		Debug|Any CPU = Debug|Any CPU
		Release|Any CPU = Release|Any CPU
	EndGlobalSection
	GlobalSection(ProjectConfigurationPlatforms) = postSolution
		{A7E867E1-B23A-4EDE-9006-DC8D282CB24C}.Debug|Any CPU.ActiveCfg = Debug|Any CPU
		{A7E867E1-B23A-4EDE-9006-DC8D282CB24C}.Debug|Any CPU.Build.0 = Debug|Any CPU
		{A7E867E1-B23A-4EDE-9006-DC8D282CB24C}.Release|Any CPU.ActiveCfg = Release|Any CPU
		{A7E867E1-B23A-4EDE-9006-DC8D282CB24C}.Release|Any CPU.Build.0 = Release|Any CPU
		{CE927BD2-37C9-4B86-AFAC-B9462F2AE42A}.Debug|Any CPU.ActiveCfg = Debug|Any CPU
		{CE927BD2-37C9-4B86-AFAC-B9462F2AE42A}.Debug|Any CPU.Build.0 = Debug|Any CPU
		{CE927BD2-37C9-4B86-AFAC-B9462F2AE42A}.Release|Any CPU.ActiveCfg = Release|Any CPU
		{CE927BD2-37C9-4B86-AFAC-B9462F2AE42A}.Release|Any CPU.Build.0 = Release|Any CPU
		{94448BA5-DEA2-469F-84BD-EE3CB14E7FB0}.Debug|Any CPU.ActiveCfg = Debug|Any CPU
		{94448BA5-DEA2-469F-84BD-EE3CB14E7FB0}.Debug|Any CPU.Build.0 = Debug|Any CPU
		{94448BA5-DEA2-469F-84BD-EE3CB14E7FB0}.Release|Any CPU.ActiveCfg = Release|Any CPU
		{94448BA5-DEA2-469F-84BD-EE3CB14E7FB0}.Release|Any CPU.Build.0 = Release|Any CPU
		{DC19489D-9C5D-4F6E-97DD-2EBE182C739F}.Debug|Any CPU.ActiveCfg = Debug|Any CPU
		{DC19489D-9C5D-4F6E-97DD-2EBE182C739F}.Debug|Any CPU.Build.0 = Debug|Any CPU
		{DC19489D-9C5D-4F6E-97DD-2EBE182C739F}.Release|Any CPU.ActiveCfg = Release|Any CPU
		{DC19489D-9C5D-4F6E-97DD-2EBE182C739F}.Release|Any CPU.Build.0 = Release|Any CPU
		{CCC640FC-76CE-4CA7-9BCD-B672213E1291}.Debug|Any CPU.ActiveCfg = Debug|Any CPU
		{CCC640FC-76CE-4CA7-9BCD-B672213E1291}.Debug|Any CPU.Build.0 = Debug|Any CPU
		{CCC640FC-76CE-4CA7-9BCD-B672213E1291}.Release|Any CPU.ActiveCfg = Release|Any CPU
		{CCC640FC-76CE-4CA7-9BCD-B672213E1291}.Release|Any CPU.Build.0 = Release|Any CPU
		{3D8DD24B-5E1B-4C83-A5F4-E29798D1565B}.Debug|Any CPU.ActiveCfg = Debug|Any CPU
		{3D8DD24B-5E1B-4C83-A5F4-E29798D1565B}.Debug|Any CPU.Build.0 = Debug|Any CPU
		{3D8DD24B-5E1B-4C83-A5F4-E29798D1565B}.Release|Any CPU.ActiveCfg = Release|Any CPU
		{3D8DD24B-5E1B-4C83-A5F4-E29798D1565B}.Release|Any CPU.Build.0 = Release|Any CPU
		{1C52C665-D70B-42CF-B8FC-7E26609C0094}.Debug|Any CPU.ActiveCfg = Debug|Any CPU
		{1C52C665-D70B-42CF-B8FC-7E26609C0094}.Debug|Any CPU.Build.0 = Debug|Any CPU
		{1C52C665-D70B-42CF-B8FC-7E26609C0094}.Release|Any CPU.ActiveCfg = Release|Any CPU
		{1C52C665-D70B-42CF-B8FC-7E26609C0094}.Release|Any CPU.Build.0 = Release|Any CPU
		{DF4AE315-639C-4043-9079-08BE37E339FC}.Debug|Any CPU.ActiveCfg = Debug|Any CPU
		{DF4AE315-639C-4043-9079-08BE37E339FC}.Debug|Any CPU.Build.0 = Debug|Any CPU
		{DF4AE315-639C-4043-9079-08BE37E339FC}.Release|Any CPU.ActiveCfg = Release|Any CPU
		{DF4AE315-639C-4043-9079-08BE37E339FC}.Release|Any CPU.Build.0 = Release|Any CPU
	EndGlobalSection
	GlobalSection(SolutionProperties) = preSolution
		HideSolutionNode = FALSE
	EndGlobalSection
	GlobalSection(NestedProjects) = preSolution
		{CA35F2EE-24AE-4625-9716-35E684EEB8B0} = {743D0B9E-E274-4B56-935B-1C48BC2A524C}
		{D65625FF-C29D-4801-A313-8069B026555F} = {743D0B9E-E274-4B56-935B-1C48BC2A524C}
		{A7E867E1-B23A-4EDE-9006-DC8D282CB24C} = {CA35F2EE-24AE-4625-9716-35E684EEB8B0}
		{CE927BD2-37C9-4B86-AFAC-B9462F2AE42A} = {D65625FF-C29D-4801-A313-8069B026555F}
		{94448BA5-DEA2-469F-84BD-EE3CB14E7FB0} = {CA35F2EE-24AE-4625-9716-35E684EEB8B0}
		{D0653CDE-2254-4CEC-93B2-D53D42A564E6} = {743D0B9E-E274-4B56-935B-1C48BC2A524C}
		{DC19489D-9C5D-4F6E-97DD-2EBE182C739F} = {D0653CDE-2254-4CEC-93B2-D53D42A564E6}
		{CCC640FC-76CE-4CA7-9BCD-B672213E1291} = {CA35F2EE-24AE-4625-9716-35E684EEB8B0}
		{81EFD3D3-94EF-4F93-8AD2-5A9136B63DF2} = {743D0B9E-E274-4B56-935B-1C48BC2A524C}
		{3D8DD24B-5E1B-4C83-A5F4-E29798D1565B} = {89F0CC6C-E36F-4538-825E-493939E6AC76}
		{1C52C665-D70B-42CF-B8FC-7E26609C0094} = {89F0CC6C-E36F-4538-825E-493939E6AC76}
		{DF4AE315-639C-4043-9079-08BE37E339FC} = {89F0CC6C-E36F-4538-825E-493939E6AC76}
		{89F0CC6C-E36F-4538-825E-493939E6AC76} = {743D0B9E-E274-4B56-935B-1C48BC2A524C}
	EndGlobalSection
	GlobalSection(ExtensibilityGlobals) = postSolution
		SolutionGuid = {149C66C2-B6BA-412B-AEAE-DAB1557BE6BA}
	EndGlobalSection
EndGlobal
